
Microsoft Visual Studio Solution File, Format Version 12.00
# Visual Studio Version 16
VisualStudioVersion = 16.0.29728.190
MinimumVisualStudioVersion = 10.0.40219.1
Project("{9A19103F-16F7-4668-BE54-9A1E7A4F7556}") = "Assignment6", "Assignment6\Assignment6.csproj", "{5DF38812-5DB4-4DB6-BF6F-00C10F912DBA}"
EndProject
Global
	GlobalSection(SolutionConfigurationPlatforms) = preSolution
		Debug|Any CPU = Debug|Any CPU
		Release|Any CPU = Release|Any CPU
	EndGlobalSection
	GlobalSection(ProjectConfigurationPlatforms) = postSolution
		{5DF38812-5DB4-4DB6-BF6F-00C10F912DBA}.Debug|Any CPU.ActiveCfg = Debug|Any CPU
		{5DF38812-5DB4-4DB6-BF6F-00C10F912DBA}.Debug|Any CPU.Build.0 = Debug|Any CPU
		{5DF38812-5DB4-4DB6-BF6F-00C10F912DBA}.Release|Any CPU.ActiveCfg = Release|Any CPU
		{5DF38812-5DB4-4DB6-BF6F-00C10F912DBA}.Release|Any CPU.Build.0 = Release|Any CPU
	EndGlobalSection
	GlobalSection(SolutionProperties) = preSolution
		HideSolutionNode = FALSE
	EndGlobalSection
	GlobalSection(ExtensibilityGlobals) = postSolution
		SolutionGuid = {5CB2901A-4C23-4071-958A-D54B17014B17}
	EndGlobalSection
EndGlobal
